
Microsoft Visual Studio Solution File, Format Version 12.00
# Visual Studio Version 17
VisualStudioVersion = 17.13.35806.99
MinimumVisualStudioVersion = 10.0.40219.1
Project("{FAE04EC0-301F-11D3-BF4B-00C04F79EFBC}") = "API", "API\API.csproj", "{CBFA08EA-AECE-205F-7B85-326FD0B81BAD}"
EndProject
Project("{2150E333-8FDC-42A3-9474-1A3956D46DE8}") = "Test", "Test", "{02EA681E-C7D8-13C7-8484-4AC65E1B71E8}"
EndProject
Project("{FAE04EC0-301F-11D3-BF4B-00C04F79EFBC}") = "test1", "test1\test1.csproj", "{A486F153-5DEA-4A68-8E58-E41198F8A702}"
EndProject
Project("{FAE04EC0-301F-11D3-BF4B-00C04F79EFBC}") = "test2", "test2\test2.csproj", "{E7C98129-2562-48BA-8C64-563ACE4249F1}"
EndProject
Project("{FAE04EC0-301F-11D3-BF4B-00C04F79EFBC}") = "Test3", "Test3\Test3.csproj", "{61385A9E-D480-4200-BC95-DF72FE15ACA6}"
EndProject
Project("{FAE04EC0-301F-11D3-BF4B-00C04F79EFBC}") = "Test4", "Test4\Test4.csproj", "{C1DADAEE-7EA5-4279-AA90-19F235809AED}"
EndProject
Project("{FAE04EC0-301F-11D3-BF4B-00C04F79EFBC}") = "test5", "test5\test5.csproj", "{173894F6-51ED-44B5-B253-FACB147DD011}"
EndProject
Project("{FAE04EC0-301F-11D3-BF4B-00C04F79EFBC}") = "test6", "test6\test6.csproj", "{9314074B-698C-4619-94DE-B0891E2F1C87}"
EndProject
Project("{FAE04EC0-301F-11D3-BF4B-00C04F79EFBC}") = "test7", "test7\test7.csproj", "{0752D698-88E7-4EC8-8AB0-235C634BD3A2}"
EndProject
Project("{FAE04EC0-301F-11D3-BF4B-00C04F79EFBC}") = "Tubes_KPL_GUI", "Tubes_KPL_GUI\Tubes_KPL_GUI.csproj", "{71ADA483-447D-4BBD-9606-BFEAF1BDB726}"
EndProject
Project("{2150E333-8FDC-42A3-9474-1A3956D46DE8}") = "Resource", "Resource", "{8EC462FD-D22E-90A8-E5CE-7E832BA40C5D}"
	ProjectSection(SolutionItems) = preProject
		..\..\..\..\Users\herpw\Downloads\wallpaperflare.com_wallpaper.jpg = ..\..\..\..\Users\herpw\Downloads\wallpaperflare.com_wallpaper.jpg
	EndProjectSection
EndProject
Project("{FAE04EC0-301F-11D3-BF4B-00C04F79EFBC}") = "Tubes_KPL_CLI", "Tubes_KPL_CLI\Tubes_KPL_CLI.csproj", "{B9AE0203-6D46-14C4-E458-89A8DA995FF2}"
EndProject
Global
	GlobalSection(SolutionConfigurationPlatforms) = preSolution
		Debug|Any CPU = Debug|Any CPU
		Release|Any CPU = Release|Any CPU
	EndGlobalSection
	GlobalSection(ProjectConfigurationPlatforms) = postSolution
		{CBFA08EA-AECE-205F-7B85-326FD0B81BAD}.Debug|Any CPU.ActiveCfg = Debug|Any CPU
		{CBFA08EA-AECE-205F-7B85-326FD0B81BAD}.Debug|Any CPU.Build.0 = Debug|Any CPU
		{CBFA08EA-AECE-205F-7B85-326FD0B81BAD}.Release|Any CPU.ActiveCfg = Release|Any CPU
		{CBFA08EA-AECE-205F-7B85-326FD0B81BAD}.Release|Any CPU.Build.0 = Release|Any CPU
		{A486F153-5DEA-4A68-8E58-E41198F8A702}.Debug|Any CPU.ActiveCfg = Debug|Any CPU
		{A486F153-5DEA-4A68-8E58-E41198F8A702}.Debug|Any CPU.Build.0 = Debug|Any CPU
		{A486F153-5DEA-4A68-8E58-E41198F8A702}.Release|Any CPU.ActiveCfg = Release|Any CPU
		{A486F153-5DEA-4A68-8E58-E41198F8A702}.Release|Any CPU.Build.0 = Release|Any CPU
		{E7C98129-2562-48BA-8C64-563ACE4249F1}.Debug|Any CPU.ActiveCfg = Debug|Any CPU
		{E7C98129-2562-48BA-8C64-563ACE4249F1}.Debug|Any CPU.Build.0 = Debug|Any CPU
		{E7C98129-2562-48BA-8C64-563ACE4249F1}.Release|Any CPU.ActiveCfg = Release|Any CPU
		{E7C98129-2562-48BA-8C64-563ACE4249F1}.Release|Any CPU.Build.0 = Release|Any CPU
		{61385A9E-D480-4200-BC95-DF72FE15ACA6}.Debug|Any CPU.ActiveCfg = Debug|Any CPU
		{61385A9E-D480-4200-BC95-DF72FE15ACA6}.Debug|Any CPU.Build.0 = Debug|Any CPU
		{61385A9E-D480-4200-BC95-DF72FE15ACA6}.Release|Any CPU.ActiveCfg = Release|Any CPU
		{61385A9E-D480-4200-BC95-DF72FE15ACA6}.Release|Any CPU.Build.0 = Release|Any CPU
		{C1DADAEE-7EA5-4279-AA90-19F235809AED}.Debug|Any CPU.ActiveCfg = Debug|Any CPU
		{C1DADAEE-7EA5-4279-AA90-19F235809AED}.Debug|Any CPU.Build.0 = Debug|Any CPU
		{C1DADAEE-7EA5-4279-AA90-19F235809AED}.Release|Any CPU.ActiveCfg = Release|Any CPU
		{C1DADAEE-7EA5-4279-AA90-19F235809AED}.Release|Any CPU.Build.0 = Release|Any CPU
		{173894F6-51ED-44B5-B253-FACB147DD011}.Debug|Any CPU.ActiveCfg = Debug|Any CPU
		{173894F6-51ED-44B5-B253-FACB147DD011}.Debug|Any CPU.Build.0 = Debug|Any CPU
		{173894F6-51ED-44B5-B253-FACB147DD011}.Release|Any CPU.ActiveCfg = Release|Any CPU
		{173894F6-51ED-44B5-B253-FACB147DD011}.Release|Any CPU.Build.0 = Release|Any CPU
		{9314074B-698C-4619-94DE-B0891E2F1C87}.Debug|Any CPU.ActiveCfg = Debug|Any CPU
		{9314074B-698C-4619-94DE-B0891E2F1C87}.Debug|Any CPU.Build.0 = Debug|Any CPU
		{9314074B-698C-4619-94DE-B0891E2F1C87}.Release|Any CPU.ActiveCfg = Release|Any CPU
		{9314074B-698C-4619-94DE-B0891E2F1C87}.Release|Any CPU.Build.0 = Release|Any CPU
		{0752D698-88E7-4EC8-8AB0-235C634BD3A2}.Debug|Any CPU.ActiveCfg = Debug|Any CPU
		{0752D698-88E7-4EC8-8AB0-235C634BD3A2}.Debug|Any CPU.Build.0 = Debug|Any CPU
		{0752D698-88E7-4EC8-8AB0-235C634BD3A2}.Release|Any CPU.ActiveCfg = Release|Any CPU
		{0752D698-88E7-4EC8-8AB0-235C634BD3A2}.Release|Any CPU.Build.0 = Release|Any CPU
		{71ADA483-447D-4BBD-9606-BFEAF1BDB726}.Debug|Any CPU.ActiveCfg = Debug|Any CPU
		{71ADA483-447D-4BBD-9606-BFEAF1BDB726}.Debug|Any CPU.Build.0 = Debug|Any CPU
		{71ADA483-447D-4BBD-9606-BFEAF1BDB726}.Release|Any CPU.ActiveCfg = Release|Any CPU
		{71ADA483-447D-4BBD-9606-BFEAF1BDB726}.Release|Any CPU.Build.0 = Release|Any CPU
		{B9AE0203-6D46-14C4-E458-89A8DA995FF2}.Debug|Any CPU.ActiveCfg = Debug|Any CPU
		{B9AE0203-6D46-14C4-E458-89A8DA995FF2}.Debug|Any CPU.Build.0 = Debug|Any CPU
		{B9AE0203-6D46-14C4-E458-89A8DA995FF2}.Release|Any CPU.ActiveCfg = Release|Any CPU
		{B9AE0203-6D46-14C4-E458-89A8DA995FF2}.Release|Any CPU.Build.0 = Release|Any CPU
	EndGlobalSection
	GlobalSection(SolutionProperties) = preSolution
		HideSolutionNode = FALSE
	EndGlobalSection
	GlobalSection(NestedProjects) = preSolution
		{A486F153-5DEA-4A68-8E58-E41198F8A702} = {02EA681E-C7D8-13C7-8484-4AC65E1B71E8}
		{E7C98129-2562-48BA-8C64-563ACE4249F1} = {02EA681E-C7D8-13C7-8484-4AC65E1B71E8}
		{61385A9E-D480-4200-BC95-DF72FE15ACA6} = {02EA681E-C7D8-13C7-8484-4AC65E1B71E8}
		{C1DADAEE-7EA5-4279-AA90-19F235809AED} = {02EA681E-C7D8-13C7-8484-4AC65E1B71E8}
		{173894F6-51ED-44B5-B253-FACB147DD011} = {02EA681E-C7D8-13C7-8484-4AC65E1B71E8}
		{9314074B-698C-4619-94DE-B0891E2F1C87} = {02EA681E-C7D8-13C7-8484-4AC65E1B71E8}
		{0752D698-88E7-4EC8-8AB0-235C634BD3A2} = {02EA681E-C7D8-13C7-8484-4AC65E1B71E8}
	EndGlobalSection
	GlobalSection(ExtensibilityGlobals) = postSolution
		SolutionGuid = {30198E1A-6E71-42D1-A4F6-2842BCEB2217}
	EndGlobalSection
EndGlobal
